{
  "name": "lab-de-palavras",
  "version": "1.0.0",
  "lockfileVersion": 1,
  "requires": true,
  "dependencies": {
    "@electron/get": {
      "version": "1.5.0",
      "resolved": "https://registry.npmjs.org/@electron/get/-/get-1.5.0.tgz",
      "integrity": "sha512-tafxBz6n08G6SX961F/h8XFtpB/DdwRvJJoDeOH9x78jDSCMQ2G/rRWqSwLFp9oeMFBJf0Pf5Kkw6TKt5w9TWg==",
      "dev": true,
      "requires": {
        "debug": "4.1.1",
        "env-paths": "2.2.0",
        "fs-extra": "8.1.0",
        "got": "9.6.0",
        "sanitize-filename": "1.6.3",
        "sumchecker": "3.0.0"
      }
    },
    "@pixi/accessibility": {
      "version": "5.1.5",
      "resolved": "https://registry.npmjs.org/@pixi/accessibility/-/accessibility-5.1.5.tgz",
      "integrity": "sha512-xHgcVN6sDqqpkcgk+yJ5s6tCf7ZW2YZVop7bQL9avuJaP6I/0mbwUN3evWonQ4QNO6SF8V/QXOc3ZmEdkYILPA==",
      "requires": {
        "@pixi/core": "5.1.5",
        "@pixi/display": "5.1.3",
        "@pixi/utils": "5.1.3"
      }
    },
    "@pixi/app": {
      "version": "5.1.5",
      "resolved": "https://registry.npmjs.org/@pixi/app/-/app-5.1.5.tgz",
      "integrity": "sha512-BxcNAulUXVkTpOqS5gjorO2d3+wksmBfn0VFGdiq7Elbv3v0s8wCwGOlOSMJoAjYSPXz8H8t3dw8NHxqxpI53A==",
      "requires": {
        "@pixi/core": "5.1.5",
        "@pixi/display": "5.1.3"
      }
    },
    "@pixi/constants": {
      "version": "5.1.0",
      "resolved": "https://registry.npmjs.org/@pixi/constants/-/constants-5.1.0.tgz",
      "integrity": "sha512-86cogDvjF9yNvmxeizwkIhA0Kl2z3gUSWMf2daYx903dzyje7fwkzRrKLnqDUn6vSAxRXiska0DMJhwYsIC29w=="
    },
    "@pixi/core": {
      "version": "5.1.5",
      "resolved": "https://registry.npmjs.org/@pixi/core/-/core-5.1.5.tgz",
      "integrity": "sha512-pt7JTgRyGyOm1VNGhYqAjdIggQ5SjGpctLEBFwPlZDOTeEjJ85NADwCvN/E9ToIW7Gv/1urrNKsoVGlADcV6vw==",
      "requires": {
        "@pixi/constants": "5.1.0",
        "@pixi/display": "5.1.3",
        "@pixi/math": "5.1.0",
        "@pixi/runner": "5.1.1",
        "@pixi/settings": "5.1.3",
        "@pixi/ticker": "5.1.3",
        "@pixi/utils": "5.1.3"
      }
    },
    "@pixi/display": {
      "version": "5.1.3",
      "resolved": "https://registry.npmjs.org/@pixi/display/-/display-5.1.3.tgz",
      "integrity": "sha512-zQJfwH9tSilEfpajVJKM2bavIXBFMokscXyFIdokBSjLQL22mgEyR0mHZ3u6OECUa0PEVUA64eePv6KmPZ+bJQ==",
      "requires": {
        "@pixi/math": "5.1.0",
        "@pixi/settings": "5.1.3",
        "@pixi/utils": "5.1.3"
      }
    },
    "@pixi/extract": {
      "version": "5.1.5",
      "resolved": "https://registry.npmjs.org/@pixi/extract/-/extract-5.1.5.tgz",
      "integrity": "sha512-sn13RxtWpqZq05K9IJxF/00ddMsiDlpQAwEwA8fQIsMSbt6lBTm1fa0u/nZqQjRhJk72Q+41h4LXEhZEMMowAg==",
      "requires": {
        "@pixi/core": "5.1.5",
        "@pixi/math": "5.1.0",
        "@pixi/utils": "5.1.3"
      }
    },
    "@pixi/filter-alpha": {
      "version": "5.1.5",
      "resolved": "https://registry.npmjs.org/@pixi/filter-alpha/-/filter-alpha-5.1.5.tgz",
      "integrity": "sha512-Jb5e7lybvMOXjdTOEN883h2N5Qe5rLNdTmPxOoK43RR+LQMk8D/Iw3zWpQ1oIwpJFiUkgwn0CmO5YaK6STh34w==",
      "requires": {
        "@pixi/core": "5.1.5"
      }
    },
    "@pixi/filter-blur": {
      "version": "5.1.5",
      "resolved": "https://registry.npmjs.org/@pixi/filter-blur/-/filter-blur-5.1.5.tgz",
      "integrity": "sha512-9eSJtg8kLwKrNnJmg2c1vlOcP0PYhvZdUk97D2+HrE0j1BZTJ2OxHb26UJSiMU0kBCUomtuFvCiNtFT2GCWbjg==",
      "requires": {
        "@pixi/core": "5.1.5",
        "@pixi/settings": "5.1.3"
      }
    },
    "@pixi/filter-color-matrix": {
      "version": "5.1.5",
      "resolved": "https://registry.npmjs.org/@pixi/filter-color-matrix/-/filter-color-matrix-5.1.5.tgz",
      "integrity": "sha512-zhg8FE22WA7sH1mhvjjSaWav7BXFbU63usdh9pVNv2Hd7cuDtO9x8aLy+RqGozqENfYHzRUlTdKrNdl5QEbYMg==",
      "requires": {
        "@pixi/core": "5.1.5"
      }
    },
    "@pixi/filter-displacement": {
      "version": "5.1.5",
      "resolved": "https://registry.npmjs.org/@pixi/filter-displacement/-/filter-displacement-5.1.5.tgz",
      "integrity": "sha512-/ZzlTT+jFQTwg57jj6kl4lH+0Z3iwtp+tDXdYcusNDe44hZn9Wd+IzZkS/LCeay40cY4JPRrXznVwlZ6AiBsHQ==",
      "requires": {
        "@pixi/core": "5.1.5",
        "@pixi/math": "5.1.0"
      }
    },
    "@pixi/filter-fxaa": {
      "version": "5.1.5",
      "resolved": "https://registry.npmjs.org/@pixi/filter-fxaa/-/filter-fxaa-5.1.5.tgz",
      "integrity": "sha512-Zg2pSBpb0pxJozWraNrHUC97C3gSjK+NSaMGBN6NpfaGcn+/xaZjFBwwYDeTpHAw6IDV+3Ln+z7D5h9pPEliKg==",
      "requires": {
        "@pixi/core": "5.1.5"
      }
    },
    "@pixi/filter-noise": {
      "version": "5.1.5",
      "resolved": "https://registry.npmjs.org/@pixi/filter-noise/-/filter-noise-5.1.5.tgz",
      "integrity": "sha512-/HGr9dxvBVc+qRJ/JU/6ZHz3BshnUwCTgEfQtxJmo2I6lqn9cWoiL4q+iKk9QkGmLtLNip77zc0KveYN01eh/g==",
      "requires": {
        "@pixi/core": "5.1.5"
      }
    },
    "@pixi/graphics": {
      "version": "5.1.5",
      "resolved": "https://registry.npmjs.org/@pixi/graphics/-/graphics-5.1.5.tgz",
      "integrity": "sha512-u9uq/6ylS5oRCsWaTi0uOCuAimAvaXJ57ATKT/nylHRXv+GfbPoMJAHpqTWx8HojK7P6PBUJCenPa0BFVcq9gg==",
      "requires": {
        "@pixi/constants": "5.1.0",
        "@pixi/core": "5.1.5",
        "@pixi/display": "5.1.3",
        "@pixi/math": "5.1.0",
        "@pixi/sprite": "5.1.5",
        "@pixi/utils": "5.1.3"
      }
    },
    "@pixi/interaction": {
      "version": "5.1.5",
      "resolved": "https://registry.npmjs.org/@pixi/interaction/-/interaction-5.1.5.tgz",
      "integrity": "sha512-N8SONgHZZuDLPAL3LvfMTfgRsD6084KJA9VbwJ6Ujvm95NwSInNC2HRB6uXsSYTC4I1bMcRhot3CjZkB5BEURA==",
      "requires": {
        "@pixi/core": "5.1.5",
        "@pixi/display": "5.1.3",
        "@pixi/math": "5.1.0",
        "@pixi/ticker": "5.1.3",
        "@pixi/utils": "5.1.3"
      }
    },
    "@pixi/loaders": {
      "version": "5.1.5",
      "resolved": "https://registry.npmjs.org/@pixi/loaders/-/loaders-5.1.5.tgz",
      "integrity": "sha512-jcuJMMGIr7/o8HKtVL9YzUTQQGk4K4uNQylUbhnNDFVuJcVzuBwD/TCWJ/+2Y879vBzipXdhCw7JLA4F8w6bkg==",
      "requires": {
        "@pixi/core": "5.1.5",
        "@pixi/utils": "5.1.3",
        "resource-loader": "3.0.1"
      }
    },
    "@pixi/math": {
      "version": "5.1.0",
      "resolved": "https://registry.npmjs.org/@pixi/math/-/math-5.1.0.tgz",
      "integrity": "sha512-Vf9W4SgYRRQMdSq8tFViKKKGCU3iklf0RDzd+wzp4gezOxe3m0PLB7XKwvVrP1hRjUh49zIAL9JBpYREPS1EMw=="
    },
    "@pixi/mesh": {
      "version": "5.1.5",
      "resolved": "https://registry.npmjs.org/@pixi/mesh/-/mesh-5.1.5.tgz",
      "integrity": "sha512-gWBwBkIV0Dj0nA+a/ymtv4oQOium3oiehKdhSynQZj9C+pwd3YUSJGjHWs4b+TIQxZm2RHEsSSw4gCw/Ih1cuw==",
      "requires": {
        "@pixi/constants": "5.1.0",
        "@pixi/core": "5.1.5",
        "@pixi/display": "5.1.3",
        "@pixi/math": "5.1.0",
        "@pixi/settings": "5.1.3",
        "@pixi/utils": "5.1.3"
      }
    },
    "@pixi/mesh-extras": {
      "version": "5.1.5",
      "resolved": "https://registry.npmjs.org/@pixi/mesh-extras/-/mesh-extras-5.1.5.tgz",
      "integrity": "sha512-aMjTD3kBf2h31ijYapapQOJIoQuO26i4pP7P4ux886FE8E48QSc3edXZzULq2Rc5ZdWMPUFYnd8AJ6F8dw/ocQ==",
      "requires": {
        "@pixi/constants": "5.1.0",
        "@pixi/core": "5.1.5",
        "@pixi/math": "5.1.0",
        "@pixi/mesh": "5.1.5",
        "@pixi/utils": "5.1.3"
      }
    },
    "@pixi/mixin-cache-as-bitmap": {
      "version": "5.1.5",
      "resolved": "https://registry.npmjs.org/@pixi/mixin-cache-as-bitmap/-/mixin-cache-as-bitmap-5.1.5.tgz",
      "integrity": "sha512-XRVTz5nOgj7wUFXXIixTlg+2oynNerebUwjkw11mnr+HNP3vMmt2O8ZtXEyij2VXNMuDmbYo8/O53FI+81CnAQ==",
      "requires": {
        "@pixi/core": "5.1.5",
        "@pixi/display": "5.1.3",
        "@pixi/math": "5.1.0",
        "@pixi/settings": "5.1.3",
        "@pixi/sprite": "5.1.5",
        "@pixi/utils": "5.1.3"
      }
    },
    "@pixi/mixin-get-child-by-name": {
      "version": "5.1.3",
      "resolved": "https://registry.npmjs.org/@pixi/mixin-get-child-by-name/-/mixin-get-child-by-name-5.1.3.tgz",
      "integrity": "sha512-0nvNfcQAeND9iuzQr0AYCxINDaXQx5Kft8Fauu0T4LKbYAchO0qzuSpv7L+cD4LvKdvGQyxHHWP6u4wQ9yuKrg==",
      "requires": {
        "@pixi/display": "5.1.3"
      }
    },
    "@pixi/mixin-get-global-position": {
      "version": "5.1.3",
      "resolved": "https://registry.npmjs.org/@pixi/mixin-get-global-position/-/mixin-get-global-position-5.1.3.tgz",
      "integrity": "sha512-dgIUjjIDnI/wrNXt+ROWdv0syQeV5hlt/TJot/ULXw6HnBoDDmXqcKzIp38o3Ei6n2eQ0CUVbKYGd668tdk5EQ==",
      "requires": {
        "@pixi/display": "5.1.3",
        "@pixi/math": "5.1.0"
      }
    },
    "@pixi/particles": {
      "version": "5.1.5",
      "resolved": "https://registry.npmjs.org/@pixi/particles/-/particles-5.1.5.tgz",
      "integrity": "sha512-eIYd1wKyuzBL/re3EuyhUjXNRe8fkqbUgpeevV2e7tIoFcyK3g3cT4E1ajTv+7IIAvj2505xRJ3dxcAxLDzd6g==",
      "requires": {
        "@pixi/constants": "5.1.0",
        "@pixi/core": "5.1.5",
        "@pixi/display": "5.1.3",
        "@pixi/math": "5.1.0",
        "@pixi/utils": "5.1.3"
      }
    },
    "@pixi/polyfill": {
      "version": "5.1.0",
      "resolved": "https://registry.npmjs.org/@pixi/polyfill/-/polyfill-5.1.0.tgz",
      "integrity": "sha512-8M3nYCO0a599fsdLW7wv9SBYriMqS1QckKAkRuN2JualRuK/GjxZjm5Vcbcwc1gGONRUKZroH12CuPyTcU2HnQ==",
      "requires": {
        "es6-promise-polyfill": "1.2.0",
        "object-assign": "4.1.1"
      }
    },
    "@pixi/prepare": {
      "version": "5.1.5",
      "resolved": "https://registry.npmjs.org/@pixi/prepare/-/prepare-5.1.5.tgz",
      "integrity": "sha512-0Gq6whHFuLYy3uUVoVmRnVWMZU4Z0WSs7+BYGWrDqxlOqfuZ6ZS4SSEjzcUUvyCK8MWisEn7O3EnDRYFr+3K5g==",
      "requires": {
        "@pixi/core": "5.1.5",
        "@pixi/display": "5.1.3",
        "@pixi/graphics": "5.1.5",
        "@pixi/settings": "5.1.3",
        "@pixi/text": "5.1.5",
        "@pixi/ticker": "5.1.3"
      }
    },
    "@pixi/runner": {
      "version": "5.1.1",
      "resolved": "https://registry.npmjs.org/@pixi/runner/-/runner-5.1.1.tgz",
      "integrity": "sha512-cOkWsRZlEgOB4IuiUW0PvU0JDMNpNTtyLeECg4DwIDYW4uQ0033zaZFSsN0EOeX0TFkpBmaJsgEIwpmw32VU0w=="
    },
    "@pixi/settings": {
      "version": "5.1.3",
      "resolved": "https://registry.npmjs.org/@pixi/settings/-/settings-5.1.3.tgz",
      "integrity": "sha512-goYjVYuklNMFWFq54J7u4eYVe+qmLe6AQP+b+hF+Kskw7tSXrAVTHROqrEiqPqKSCL9umorOi6T/ZTXhk8i4Wg==",
      "requires": {
        "ismobilejs": "0.5.2"
      }
    },
    "@pixi/sprite": {
      "version": "5.1.5",
      "resolved": "https://registry.npmjs.org/@pixi/sprite/-/sprite-5.1.5.tgz",
      "integrity": "sha512-a8M5P7xarbYMut3YKIb5I4hr94c0/VA18jV/eOhtyOKOsS5jkjul5WGssnIyR73aQp7iaNGWfh7FD+BiWCLzXQ==",
      "requires": {
        "@pixi/constants": "5.1.0",
        "@pixi/core": "5.1.5",
        "@pixi/display": "5.1.3",
        "@pixi/math": "5.1.0",
        "@pixi/settings": "5.1.3",
        "@pixi/utils": "5.1.3"
      }
    },
    "@pixi/sprite-animated": {
      "version": "5.1.5",
      "resolved": "https://registry.npmjs.org/@pixi/sprite-animated/-/sprite-animated-5.1.5.tgz",
      "integrity": "sha512-jsxqmWpDpjy7BoqVFpPWNvIeJ6yePQ0/uTyvzhKZBM8ihZVFJMa1+C4IFQpQYUCp9rlZHG6og4UzAHlwceQb+A==",
      "requires": {
        "@pixi/core": "5.1.5",
        "@pixi/sprite": "5.1.5",
        "@pixi/ticker": "5.1.3"
      }
    },
    "@pixi/sprite-tiling": {
      "version": "5.1.5",
      "resolved": "https://registry.npmjs.org/@pixi/sprite-tiling/-/sprite-tiling-5.1.5.tgz",
      "integrity": "sha512-9P0jyAA9I8hrDnN04rABxxs09Knb2AZr+Ky2yvWAUngumoMmIEbc/JtW9R8ich72uTBcl8Ax+bTz520wB36HpA==",
      "requires": {
        "@pixi/constants": "5.1.0",
        "@pixi/core": "5.1.5",
        "@pixi/display": "5.1.3",
        "@pixi/math": "5.1.0",
        "@pixi/sprite": "5.1.5",
        "@pixi/utils": "5.1.3"
      }
    },
    "@pixi/spritesheet": {
      "version": "5.1.5",
      "resolved": "https://registry.npmjs.org/@pixi/spritesheet/-/spritesheet-5.1.5.tgz",
      "integrity": "sha512-kZBiI/eYRKoNxOTI9h4tl13oGdCaFkH/cOI0MZ0st0Dos6clB5OJStJ19bEe/Ik1Yt7NxGCCuFLLa3WKhQ5idQ==",
      "requires": {
        "@pixi/core": "5.1.5",
        "@pixi/loaders": "5.1.5",
        "@pixi/math": "5.1.0",
        "@pixi/utils": "5.1.3"
      }
    },
    "@pixi/text": {
      "version": "5.1.5",
      "resolved": "https://registry.npmjs.org/@pixi/text/-/text-5.1.5.tgz",
      "integrity": "sha512-8pKWuyccdWrZgvssyPUrOdn7CMeetRTpM8W51KYwU8gla6tnddMj3TaBW56dXRdtddadDc2KdGtDYPOuonHOfA==",
      "requires": {
        "@pixi/core": "5.1.5",
        "@pixi/math": "5.1.0",
        "@pixi/settings": "5.1.3",
        "@pixi/sprite": "5.1.5",
        "@pixi/utils": "5.1.3"
      }
    },
    "@pixi/text-bitmap": {
      "version": "5.1.5",
      "resolved": "https://registry.npmjs.org/@pixi/text-bitmap/-/text-bitmap-5.1.5.tgz",
      "integrity": "sha512-Qvnq35MdDWjW9JwJsLcVpnTX4ApW52zLMeMezuTtN+QrfsXmYXRE+SOeBERccbGmyxcM2yIKIItiqS2eFvlzRw==",
      "requires": {
        "@pixi/core": "5.1.5",
        "@pixi/display": "5.1.3",
        "@pixi/loaders": "5.1.5",
        "@pixi/math": "5.1.0",
        "@pixi/settings": "5.1.3",
        "@pixi/sprite": "5.1.5",
        "@pixi/utils": "5.1.3"
      }
    },
    "@pixi/ticker": {
      "version": "5.1.3",
      "resolved": "https://registry.npmjs.org/@pixi/ticker/-/ticker-5.1.3.tgz",
      "integrity": "sha512-IuJTMTfdboR6049b+HnSClGj7Lz5gObVoxuMc3flY493XAvrQk4XrBo57QDlVOdjVBiDW0gZ9DlUr1lwNFI7zQ==",
      "requires": {
        "@pixi/settings": "5.1.3"
      }
    },
    "@pixi/utils": {
      "version": "5.1.3",
      "resolved": "https://registry.npmjs.org/@pixi/utils/-/utils-5.1.3.tgz",
      "integrity": "sha512-w2ULIc97p1tnAZ7L0aSClDeIpuCYrauOKbnWYG8C8zTVfHWFKAHVamvzYnVaeXw4CN9jwERK/JYY/y2VFZXHuw==",
      "requires": {
        "@pixi/constants": "5.1.0",
        "@pixi/settings": "5.1.3",
        "earcut": "2.2.1",
        "eventemitter3": "3.1.2",
        "url": "0.11.0"
      }
    },
    "@sindresorhus/is": {
      "version": "0.14.0",
      "resolved": "https://registry.npmjs.org/@sindresorhus/is/-/is-0.14.0.tgz",
      "integrity": "sha512-9NET910DNaIPngYnLLPeg+Ogzqsi9uM4mSboU5y6p8S5DzMTVEsJZrawi+BoDNUVBa2DhJqQYUFvMDfgU062LQ==",
      "dev": true
    },
    "@szmarczak/http-timer": {
      "version": "1.1.2",
      "resolved": "https://registry.npmjs.org/@szmarczak/http-timer/-/http-timer-1.1.2.tgz",
      "integrity": "sha512-XIB2XbzHTN6ieIjfIMV9hlVcfPU26s2vafYWQcZHWXHOxiaRZYEDKEwdl129Zyg50+foYV2jCgtrqSA6qNuNSA==",
      "dev": true,
      "requires": {
        "defer-to-connect": "1.0.2"
      }
    },
    "@types/node": {
      "version": "12.11.5",
      "resolved": "https://registry.npmjs.org/@types/node/-/node-12.11.5.tgz",
      "integrity": "sha512-LC8ALj/24PhByn39nr5jnTvpE7MujK8y7LQmV74kHYF5iQ0odCPkMH4IZNZw+cobKfSXqaC8GgegcbIsQpffdA==",
      "dev": true
    },
    "buffer-from": {
      "version": "1.1.1",
      "resolved": "https://registry.npmjs.org/buffer-from/-/buffer-from-1.1.1.tgz",
      "integrity": "sha512-MQcXEUbCKtEo7bhqEs6560Hyd4XaovZlO/k9V3hjVUF/zwW7KBVdSK4gIt/bzwS9MbR5qob+F5jusZsb0YQK2A==",
      "dev": true
    },
    "cacheable-request": {
      "version": "6.1.0",
      "resolved": "https://registry.npmjs.org/cacheable-request/-/cacheable-request-6.1.0.tgz",
      "integrity": "sha512-Oj3cAGPCqOZX7Rz64Uny2GYAZNliQSqfbePrgAQ1wKAihYmCUnraBtJtKcGR4xz7wF+LoJC+ssFZvv5BgF9Igg==",
      "dev": true,
      "requires": {
        "clone-response": "1.0.2",
        "get-stream": "5.1.0",
        "http-cache-semantics": "4.0.3",
        "keyv": "3.1.0",
        "lowercase-keys": "2.0.0",
        "normalize-url": "4.5.0",
        "responselike": "1.0.2"
      },
      "dependencies": {
        "get-stream": {
          "version": "5.1.0",
          "resolved": "https://registry.npmjs.org/get-stream/-/get-stream-5.1.0.tgz",
          "integrity": "sha512-EXr1FOzrzTfGeL0gQdeFEvOMm2mzMOglyiOXSTpPC+iAjAKftbr3jpCMWynogwYnM+eSj9sHGc6wjIcDvYiygw==",
          "dev": true,
          "requires": {
            "pump": "3.0.0"
          }
        },
        "lowercase-keys": {
          "version": "2.0.0",
          "resolved": "https://registry.npmjs.org/lowercase-keys/-/lowercase-keys-2.0.0.tgz",
          "integrity": "sha512-tqNXrS78oMOE73NMxK4EMLQsQowWf8jKooH9g7xPavRT706R6bkQJ6DY2Te7QukaZsulxa30wQ7bk0pm4XiHmA==",
          "dev": true
        }
      }
    },
    "clone-response": {
      "version": "1.0.2",
      "resolved": "https://registry.npmjs.org/clone-response/-/clone-response-1.0.2.tgz",
      "integrity": "sha1-0dyXOSAxTfZ/vrlCI7TuNQI56Ws=",
      "dev": true,
      "requires": {
        "mimic-response": "1.0.1"
      }
    },
    "concat-stream": {
      "version": "1.6.2",
      "resolved": "https://registry.npmjs.org/concat-stream/-/concat-stream-1.6.2.tgz",
      "integrity": "sha512-27HBghJxjiZtIk3Ycvn/4kbJk/1uZuJFfuPEns6LaEvpvG1f0hTea8lilrouyo9mVc2GWdcEZ8OLoGmSADlrCw==",
      "dev": true,
      "requires": {
        "buffer-from": "1.1.1",
        "inherits": "2.0.4",
        "readable-stream": "2.3.6",
        "typedarray": "0.0.6"
      }
    },
    "core-util-is": {
      "version": "1.0.2",
      "resolved": "https://registry.npmjs.org/core-util-is/-/core-util-is-1.0.2.tgz",
      "integrity": "sha1-tf1UIgqivFq1eqtxQMlAdUUDwac=",
      "dev": true
    },
    "debug": {
      "version": "4.1.1",
      "resolved": "https://registry.npmjs.org/debug/-/debug-4.1.1.tgz",
      "integrity": "sha512-pYAIzeRo8J6KPEaJ0VWOh5Pzkbw/RetuzehGM7QRRX5he4fPHx2rdKMB256ehJCkX+XRQm16eZLqLNS8RSZXZw==",
      "dev": true,
      "requires": {
        "ms": "2.1.2"
      }
    },
    "decompress-response": {
      "version": "3.3.0",
      "resolved": "https://registry.npmjs.org/decompress-response/-/decompress-response-3.3.0.tgz",
      "integrity": "sha1-gKTdMjdIOEv6JICDYirt7Jgq3/M=",
      "dev": true,
      "requires": {
        "mimic-response": "1.0.1"
      }
    },
    "defer-to-connect": {
      "version": "1.0.2",
      "resolved": "https://registry.npmjs.org/defer-to-connect/-/defer-to-connect-1.0.2.tgz",
      "integrity": "sha512-k09hcQcTDY+cwgiwa6PYKLm3jlagNzQ+RSvhjzESOGOx+MNOuXkxTfEvPrO1IOQ81tArCFYQgi631clB70RpQw==",
      "dev": true
    },
    "duplexer3": {
      "version": "0.1.4",
      "resolved": "https://registry.npmjs.org/duplexer3/-/duplexer3-0.1.4.tgz",
      "integrity": "sha1-7gHdHKwO08vH/b6jfcCo8c4ALOI=",
      "dev": true
    },
    "earcut": {
      "version": "2.2.1",
      "resolved": "https://registry.npmjs.org/earcut/-/earcut-2.2.1.tgz",
      "integrity": "sha512-5jIMi2RB3HtGPHcYd9Yyl0cczo84y+48lgKPxMijliNQaKAHEZJbdzLmKmdxG/mCdS/YD9DQ1gihL8mxzR0F9w=="
    },
    "electron": {
      "version": "7.0.0",
      "resolved": "https://registry.npmjs.org/electron/-/electron-7.0.0.tgz",
      "integrity": "sha512-vrF1loRW1p0vQCbduqO0EZpo8ePJOuxUT6tSoUSU3lsbGK3VnlJop+0PpCIPzbe2K4G4Gk7WexH08V9se7mJcA==",
      "dev": true,
      "requires": {
        "@electron/get": "1.5.0",
        "@types/node": "12.11.5",
        "extract-zip": "1.6.7"
      }
    },
    "end-of-stream": {
      "version": "1.4.4",
      "resolved": "https://registry.npmjs.org/end-of-stream/-/end-of-stream-1.4.4.tgz",
      "integrity": "sha512-+uw1inIHVPQoaVuHzRyXd21icM+cnt4CzD5rW+NC1wjOUSTOs+Te7FOv7AhN7vS9x/oIyhLP5PR1H+phQAHu5Q==",
      "dev": true,
      "requires": {
        "once": "1.4.0"
      }
    },
    "env-paths": {
      "version": "2.2.0",
      "resolved": "https://registry.npmjs.org/env-paths/-/env-paths-2.2.0.tgz",
      "integrity": "sha512-6u0VYSCo/OW6IoD5WCLLy9JUGARbamfSavcNXry/eu8aHVFei6CD3Sw+VGX5alea1i9pgPHW0mbu6Xj0uBh7gA==",
      "dev": true
    },
    "es6-promise-polyfill": {
      "version": "1.2.0",
      "resolved": "https://registry.npmjs.org/es6-promise-polyfill/-/es6-promise-polyfill-1.2.0.tgz",
      "integrity": "sha1-84kl8jyz4+jObNqP93T867sJDN4="
    },
    "eventemitter3": {
      "version": "3.1.2",
      "resolved": "https://registry.npmjs.org/eventemitter3/-/eventemitter3-3.1.2.tgz",
      "integrity": "sha512-tvtQIeLVHjDkJYnzf2dgVMxfuSGJeM/7UCG17TT4EumTfNtF+0nebF/4zWOIkCreAbtNqhGEboB6BWrwqNaw4Q=="
    },
    "extract-zip": {
      "version": "1.6.7",
      "resolved": "https://registry.npmjs.org/extract-zip/-/extract-zip-1.6.7.tgz",
      "integrity": "sha1-qEC0uK9kAyZMjbV/Txp0Mz74H+k=",
      "dev": true,
      "requires": {
        "concat-stream": "1.6.2",
        "debug": "2.6.9",
        "mkdirp": "0.5.1",
        "yauzl": "2.4.1"
      },
      "dependencies": {
        "debug": {
          "version": "2.6.9",
          "resolved": "https://registry.npmjs.org/debug/-/debug-2.6.9.tgz",
          "integrity": "sha512-bC7ElrdJaJnPbAP+1EotYvqZsb3ecl5wi6Bfi6BJTUcNowp6cvspg0jXznRTKDjm/E7AdgFBVeAPVMNcKGsHMA==",
          "dev": true,
          "requires": {
            "ms": "2.0.0"
          }
        },
        "ms": {
          "version": "2.0.0",
          "resolved": "https://registry.npmjs.org/ms/-/ms-2.0.0.tgz",
          "integrity": "sha1-VgiurfwAvmwpAd9fmGF4jeDVl8g=",
          "dev": true
        }
      }
    },
    "fd-slicer": {
      "version": "1.0.1",
      "resolved": "https://registry.npmjs.org/fd-slicer/-/fd-slicer-1.0.1.tgz",
      "integrity": "sha1-i1vL2ewyfFBBv5qwI/1nUPEXfmU=",
      "dev": true,
      "requires": {
        "pend": "1.2.0"
      }
    },
    "fs-extra": {
      "version": "8.1.0",
      "resolved": "https://registry.npmjs.org/fs-extra/-/fs-extra-8.1.0.tgz",
      "integrity": "sha512-yhlQgA6mnOJUKOsRUFsgJdQCvkKhcz8tlZG5HBQfReYZy46OwLcY+Zia0mtdHsOo9y/hP+CxMN0TU9QxoOtG4g==",
      "dev": true,
      "requires": {
        "graceful-fs": "4.2.2",
        "jsonfile": "4.0.0",
        "universalify": "0.1.2"
      }
    },
    "get-stream": {
      "version": "4.1.0",
      "resolved": "https://registry.npmjs.org/get-stream/-/get-stream-4.1.0.tgz",
      "integrity": "sha512-GMat4EJ5161kIy2HevLlr4luNjBgvmj413KaQA7jt4V8B4RDsfpHk7WQ9GVqfYyyx8OS/L66Kox+rJRNklLK7w==",
      "dev": true,
      "requires": {
        "pump": "3.0.0"
      }
    },
    "got": {
      "version": "9.6.0",
      "resolved": "https://registry.npmjs.org/got/-/got-9.6.0.tgz",
      "integrity": "sha512-R7eWptXuGYxwijs0eV+v3o6+XH1IqVK8dJOEecQfTmkncw9AV4dcw/Dhxi8MdlqPthxxpZyizMzyg8RTmEsG+Q==",
      "dev": true,
      "requires": {
        "@sindresorhus/is": "0.14.0",
        "@szmarczak/http-timer": "1.1.2",
        "cacheable-request": "6.1.0",
        "decompress-response": "3.3.0",
        "duplexer3": "0.1.4",
        "get-stream": "4.1.0",
        "lowercase-keys": "1.0.1",
        "mimic-response": "1.0.1",
        "p-cancelable": "1.1.0",
        "to-readable-stream": "1.0.0",
        "url-parse-lax": "3.0.0"
      }
    },
    "graceful-fs": {
      "version": "4.2.2",
      "resolved": "https://registry.npmjs.org/graceful-fs/-/graceful-fs-4.2.2.tgz",
      "integrity": "sha512-IItsdsea19BoLC7ELy13q1iJFNmd7ofZH5+X/pJr90/nRoPEX0DJo1dHDbgtYWOhJhcCgMDTOw84RZ72q6lB+Q==",
      "dev": true
    },
    "http-cache-semantics": {
      "version": "4.0.3",
      "resolved": "https://registry.npmjs.org/http-cache-semantics/-/http-cache-semantics-4.0.3.tgz",
      "integrity": "sha512-TcIMG3qeVLgDr1TEd2XvHaTnMPwYQUQMIBLy+5pLSDKYFc7UIqj39w8EGzZkaxoLv/l2K8HaI0t5AVA+YYgUew==",
      "dev": true
    },
    "inherits": {
      "version": "2.0.4",
      "resolved": "https://registry.npmjs.org/inherits/-/inherits-2.0.4.tgz",
      "integrity": "sha512-k/vGaX4/Yla3WzyMCvTQOXYeIHvqOKtnqBduzTHpzpQZzAskKMhZ2K+EnBiSM9zGSoIFeMpXKxa4dYeZIQqewQ==",
      "dev": true
    },
    "isarray": {
      "version": "1.0.0",
      "resolved": "https://registry.npmjs.org/isarray/-/isarray-1.0.0.tgz",
      "integrity": "sha1-u5NdSFgsuhaMBoNJV6VKPgcSTxE=",
      "dev": true
    },
    "ismobilejs": {
      "version": "0.5.2",
      "resolved": "https://registry.npmjs.org/ismobilejs/-/ismobilejs-0.5.2.tgz",
      "integrity": "sha512-ta9UdV60xVZk/ZafFtSFslQaE76SvNkcs1r73d2PVR21zVzx9xuYv9tNe4MxA1NN7WoeCc2RjGot3Bz1eHDx3Q=="
    },
    "json-buffer": {
      "version": "3.0.0",
      "resolved": "https://registry.npmjs.org/json-buffer/-/json-buffer-3.0.0.tgz",
      "integrity": "sha1-Wx85evx11ne96Lz8Dkfh+aPZqJg=",
      "dev": true
    },
    "jsonfile": {
      "version": "4.0.0",
      "resolved": "https://registry.npmjs.org/jsonfile/-/jsonfile-4.0.0.tgz",
      "integrity": "sha1-h3Gq4HmbZAdrdmQPygWPnBDjPss=",
      "dev": true,
      "requires": {
        "graceful-fs": "4.2.2"
      }
    },
    "keyv": {
      "version": "3.1.0",
      "resolved": "https://registry.npmjs.org/keyv/-/keyv-3.1.0.tgz",
      "integrity": "sha512-9ykJ/46SN/9KPM/sichzQ7OvXyGDYKGTaDlKMGCAlg2UK8KRy4jb0d8sFc+0Tt0YYnThq8X2RZgCg74RPxgcVA==",
      "dev": true,
      "requires": {
        "json-buffer": "3.0.0"
      }
    },
    "lowercase-keys": {
      "version": "1.0.1",
      "resolved": "https://registry.npmjs.org/lowercase-keys/-/lowercase-keys-1.0.1.tgz",
      "integrity": "sha512-G2Lj61tXDnVFFOi8VZds+SoQjtQC3dgokKdDG2mTm1tx4m50NUHBOZSBwQQHyy0V12A0JTG4icfZQH+xPyh8VA==",
      "dev": true
    },
    "mimic-response": {
      "version": "1.0.1",
      "resolved": "https://registry.npmjs.org/mimic-response/-/mimic-response-1.0.1.tgz",
      "integrity": "sha512-j5EctnkH7amfV/q5Hgmoal1g2QHFJRraOtmx0JpIqkxhBhI/lJSl1nMpQ45hVarwNETOoWEimndZ4QK0RHxuxQ==",
      "dev": true
    },
    "mini-signals": {
      "version": "1.2.0",
      "resolved": "https://registry.npmjs.org/mini-signals/-/mini-signals-1.2.0.tgz",
      "integrity": "sha1-RbCAE8X65RokqhqTXNMXye1yHXQ="
    },
    "minimist": {
      "version": "0.0.8",
      "resolved": "https://registry.npmjs.org/minimist/-/minimist-0.0.8.tgz",
      "integrity": "sha1-hX/Kv8M5fSYluCKCYuhqp6ARsF0=",
      "dev": true
    },
    "mkdirp": {
      "version": "0.5.1",
      "resolved": "https://registry.npmjs.org/mkdirp/-/mkdirp-0.5.1.tgz",
      "integrity": "sha1-MAV0OOrGz3+MR2fzhkjWaX11yQM=",
      "dev": true,
      "requires": {
        "minimist": "0.0.8"
      }
    },
    "ms": {
      "version": "2.1.2",
      "resolved": "https://registry.npmjs.org/ms/-/ms-2.1.2.tgz",
      "integrity": "sha512-sGkPx+VjMtmA6MX27oA4FBFELFCZZ4S4XqeGOXCv68tT+jb3vk/RyaKWP0PTKyWtmLSM0b+adUTEvbs1PEaH2w==",
      "dev": true
    },
    "normalize-url": {
      "version": "4.5.0",
      "resolved": "https://registry.npmjs.org/normalize-url/-/normalize-url-4.5.0.tgz",
      "integrity": "sha512-2s47yzUxdexf1OhyRi4Em83iQk0aPvwTddtFz4hnSSw9dCEsLEGf6SwIO8ss/19S9iBb5sJaOuTvTGDeZI00BQ==",
      "dev": true
    },
    "object-assign": {
      "version": "4.1.1",
      "resolved": "https://registry.npmjs.org/object-assign/-/object-assign-4.1.1.tgz",
      "integrity": "sha1-IQmtx5ZYh8/AXLvUQsrIv7s2CGM="
    },
    "once": {
      "version": "1.4.0",
      "resolved": "https://registry.npmjs.org/once/-/once-1.4.0.tgz",
      "integrity": "sha1-WDsap3WWHUsROsF9nFC6753Xa9E=",
      "dev": true,
      "requires": {
        "wrappy": "1.0.2"
      }
    },
    "p-cancelable": {
      "version": "1.1.0",
      "resolved": "https://registry.npmjs.org/p-cancelable/-/p-cancelable-1.1.0.tgz",
      "integrity": "sha512-s73XxOZ4zpt1edZYZzvhqFa6uvQc1vwUa0K0BdtIZgQMAJj9IbebH+JkgKZc9h+B05PKHLOTl4ajG1BmNrVZlw==",
      "dev": true
    },
    "parse-uri": {
      "version": "1.0.0",
      "resolved": "https://registry.npmjs.org/parse-uri/-/parse-uri-1.0.0.tgz",
      "integrity": "sha1-KHLcwi8aeXrN4Vg9igrClVLdrCA="
    },
    "pend": {
      "version": "1.2.0",
      "resolved": "https://registry.npmjs.org/pend/-/pend-1.2.0.tgz",
      "integrity": "sha1-elfrVQpng/kRUzH89GY9XI4AelA=",
      "dev": true
    },
    "pixi.js": {
      "version": "5.1.5",
      "resolved": "https://registry.npmjs.org/pixi.js/-/pixi.js-5.1.5.tgz",
      "integrity": "sha512-VUvM/eoOahQV1wx+wEOM7/Xw+XXdbwP3qGaANZKeJAyVvOa4ZcsSTyWHV9bAITOJFyoLhJ/h7h2QCNtvv1s/WA==",
      "requires": {
        "@pixi/accessibility": "5.1.5",
        "@pixi/app": "5.1.5",
        "@pixi/constants": "5.1.0",
        "@pixi/core": "5.1.5",
        "@pixi/display": "5.1.3",
        "@pixi/extract": "5.1.5",
        "@pixi/filter-alpha": "5.1.5",
        "@pixi/filter-blur": "5.1.5",
        "@pixi/filter-color-matrix": "5.1.5",
        "@pixi/filter-displacement": "5.1.5",
        "@pixi/filter-fxaa": "5.1.5",
        "@pixi/filter-noise": "5.1.5",
        "@pixi/graphics": "5.1.5",
        "@pixi/interaction": "5.1.5",
        "@pixi/loaders": "5.1.5",
        "@pixi/math": "5.1.0",
        "@pixi/mesh": "5.1.5",
        "@pixi/mesh-extras": "5.1.5",
        "@pixi/mixin-cache-as-bitmap": "5.1.5",
        "@pixi/mixin-get-child-by-name": "5.1.3",
        "@pixi/mixin-get-global-position": "5.1.3",
        "@pixi/particles": "5.1.5",
        "@pixi/polyfill": "5.1.0",
        "@pixi/prepare": "5.1.5",
        "@pixi/runner": "5.1.1",
        "@pixi/settings": "5.1.3",
        "@pixi/sprite": "5.1.5",
        "@pixi/sprite-animated": "5.1.5",
        "@pixi/sprite-tiling": "5.1.5",
        "@pixi/spritesheet": "5.1.5",
        "@pixi/text": "5.1.5",
        "@pixi/text-bitmap": "5.1.5",
        "@pixi/ticker": "5.1.3",
        "@pixi/utils": "5.1.3"
      }
    },
    "prepend-http": {
      "version": "2.0.0",
      "resolved": "https://registry.npmjs.org/prepend-http/-/prepend-http-2.0.0.tgz",
      "integrity": "sha1-6SQ0v6XqjBn0HN/UAddBo8gZ2Jc=",
      "dev": true
    },
    "process-nextick-args": {
      "version": "2.0.1",
      "resolved": "https://registry.npmjs.org/process-nextick-args/-/process-nextick-args-2.0.1.tgz",
      "integrity": "sha512-3ouUOpQhtgrbOa17J7+uxOTpITYWaGP7/AhoR3+A+/1e9skrzelGi/dXzEYyvbxubEF6Wn2ypscTKiKJFFn1ag==",
      "dev": true
    },
    "pump": {
      "version": "3.0.0",
      "resolved": "https://registry.npmjs.org/pump/-/pump-3.0.0.tgz",
      "integrity": "sha512-LwZy+p3SFs1Pytd/jYct4wpv49HiYCqd9Rlc5ZVdk0V+8Yzv6jR5Blk3TRmPL1ft69TxP0IMZGJ+WPFU2BFhww==",
      "dev": true,
      "requires": {
        "end-of-stream": "1.4.4",
        "once": "1.4.0"
      }
    },
    "punycode": {
      "version": "1.3.2",
      "resolved": "https://registry.npmjs.org/punycode/-/punycode-1.3.2.tgz",
      "integrity": "sha1-llOgNvt8HuQjQvIyXM7v6jkmxI0="
    },
    "querystring": {
      "version": "0.2.0",
      "resolved": "https://registry.npmjs.org/querystring/-/querystring-0.2.0.tgz",
      "integrity": "sha1-sgmEkgO7Jd+CDadW50cAWHhSFiA="
    },
    "readable-stream": {
      "version": "2.3.6",
      "resolved": "https://registry.npmjs.org/readable-stream/-/readable-stream-2.3.6.tgz",
      "integrity": "sha512-tQtKA9WIAhBF3+VLAseyMqZeBjW0AHJoxOtYqSUZNJxauErmLbVm2FW1y+J/YA9dUrAC39ITejlZWhVIwawkKw==",
      "dev": true,
      "requires": {
        "core-util-is": "1.0.2",
        "inherits": "2.0.4",
        "isarray": "1.0.0",
        "process-nextick-args": "2.0.1",
        "safe-buffer": "5.1.2",
        "string_decoder": "1.1.1",
        "util-deprecate": "1.0.2"
      }
    },
    "resource-loader": {
      "version": "3.0.1",
      "resolved": "https://registry.npmjs.org/resource-loader/-/resource-loader-3.0.1.tgz",
      "integrity": "sha512-fBuCRbEHdLCI1eglzQhUv9Rrdcmqkydr1r6uHE2cYHvRBrcLXeSmbE/qI/urFt8rPr/IGxir3BUwM5kUK8XoyA==",
      "requires": {
        "mini-signals": "1.2.0",
        "parse-uri": "1.0.0"
      }
    },
    "responselike": {
      "version": "1.0.2",
      "resolved": "https://registry.npmjs.org/responselike/-/responselike-1.0.2.tgz",
      "integrity": "sha1-kYcg7ztjHFZCvgaPFa3lpG9Loec=",
      "dev": true,
      "requires": {
        "lowercase-keys": "1.0.1"
      }
    },
    "safe-buffer": {
      "version": "5.1.2",
      "resolved": "https://registry.npmjs.org/safe-buffer/-/safe-buffer-5.1.2.tgz",
      "integrity": "sha512-Gd2UZBJDkXlY7GbJxfsE8/nvKkUEU1G38c1siN6QP6a9PT9MmHB8GnpscSmMJSoF8LOIrt8ud/wPtojys4G6+g==",
      "dev": true
    },
    "sanitize-filename": {
      "version": "1.6.3",
      "resolved": "https://registry.npmjs.org/sanitize-filename/-/sanitize-filename-1.6.3.tgz",
      "integrity": "sha512-y/52Mcy7aw3gRm7IrcGDFx/bCk4AhRh2eI9luHOQM86nZsqwiRkkq2GekHXBBD+SmPidc8i2PqtYZl+pWJ8Oeg==",
      "dev": true,
      "requires": {
        "truncate-utf8-bytes": "1.0.2"
      }
    },
    "string_decoder": {
      "version": "1.1.1",
      "resolved": "https://registry.npmjs.org/string_decoder/-/string_decoder-1.1.1.tgz",
      "integrity": "sha512-n/ShnvDi6FHbbVfviro+WojiFzv+s8MPMHBczVePfUpDJLwoLT0ht1l4YwBCbi8pJAveEEdnkHyPyTP/mzRfwg==",
      "dev": true,
      "requires": {
        "safe-buffer": "5.1.2"
      }
    },
    "sumchecker": {
      "version": "3.0.0",
      "resolved": "https://registry.npmjs.org/sumchecker/-/sumchecker-3.0.0.tgz",
      "integrity": "sha512-yreseuC/z4iaodVoq07XULEOO9p4jnQazO7mbrnDSvWAU/y2cbyIKs+gWJptfcGu9R+1l27K8Rkj0bfvqnBpgQ==",
      "dev": true,
      "requires": {
        "debug": "4.1.1"
      }
    },
    "to-readable-stream": {
      "version": "1.0.0",
      "resolved": "https://registry.npmjs.org/to-readable-stream/-/to-readable-stream-1.0.0.tgz",
      "integrity": "sha512-Iq25XBt6zD5npPhlLVXGFN3/gyR2/qODcKNNyTMd4vbm39HUaOiAM4PMq0eMVC/Tkxz+Zjdsc55g9yyz+Yq00Q==",
      "dev": true
    },
    "truncate-utf8-bytes": {
      "version": "1.0.2",
      "resolved": "https://registry.npmjs.org/truncate-utf8-bytes/-/truncate-utf8-bytes-1.0.2.tgz",
      "integrity": "sha1-QFkjkJWS1W94pYGENLC3hInKXys=",
      "dev": true,
      "requires": {
        "utf8-byte-length": "1.0.4"
      }
    },
    "typedarray": {
      "version": "0.0.6",
      "resolved": "https://registry.npmjs.org/typedarray/-/typedarray-0.0.6.tgz",
      "integrity": "sha1-hnrHTjhkGHsdPUfZlqeOxciDB3c=",
      "dev": true
    },
    "typescript": {
      "version": "3.6.4",
      "resolved": "https://registry.npmjs.org/typescript/-/typescript-3.6.4.tgz",
      "integrity": "sha512-unoCll1+l+YK4i4F8f22TaNVPRHcD9PA3yCuZ8g5e0qGqlVlJ/8FSateOLLSagn+Yg5+ZwuPkL8LFUc0Jcvksg=="
    },
    "universalify": {
      "version": "0.1.2",
      "resolved": "https://registry.npmjs.org/universalify/-/universalify-0.1.2.tgz",
      "integrity": "sha512-rBJeI5CXAlmy1pV+617WB9J63U6XcazHHF2f2dbJix4XzpUF0RS3Zbj0FGIOCAva5P/d/GBOYaACQ1w+0azUkg==",
      "dev": true
    },
    "url": {
      "version": "0.11.0",
      "resolved": "https://registry.npmjs.org/url/-/url-0.11.0.tgz",
      "integrity": "sha1-ODjpfPxgUh63PFJajlW/3Z4uKPE=",
      "requires": {
        "punycode": "1.3.2",
        "querystring": "0.2.0"
      }
    },
    "url-parse-lax": {
      "version": "3.0.0",
      "resolved": "https://registry.npmjs.org/url-parse-lax/-/url-parse-lax-3.0.0.tgz",
      "integrity": "sha1-FrXK/Afb42dsGxmZF3gj1lA6yww=",
      "dev": true,
      "requires": {
        "prepend-http": "2.0.0"
      }
    },
    "utf8-byte-length": {
      "version": "1.0.4",
      "resolved": "https://registry.npmjs.org/utf8-byte-length/-/utf8-byte-length-1.0.4.tgz",
      "integrity": "sha1-9F8VDExm7uloGGUFq5P8u4rWv2E=",
      "dev": true
    },
    "util-deprecate": {
      "version": "1.0.2",
      "resolved": "https://registry.npmjs.org/util-deprecate/-/util-deprecate-1.0.2.tgz",
      "integrity": "sha1-RQ1Nyfpw3nMnYvvS1KKJgUGaDM8=",
      "dev": true
    },
    "wrappy": {
      "version": "1.0.2",
      "resolved": "https://registry.npmjs.org/wrappy/-/wrappy-1.0.2.tgz",
      "integrity": "sha1-tSQ9jz7BqjXxNkYFvA0QNuMKtp8=",
      "dev": true
    },
    "yauzl": {
      "version": "2.4.1",
      "resolved": "https://registry.npmjs.org/yauzl/-/yauzl-2.4.1.tgz",
      "integrity": "sha1-lSj0QtqxsihOWLQ3m7GU4i4MQAU=",
      "dev": true,
      "requires": {
        "fd-slicer": "1.0.1"
      }
    }
  }
}
